
Microsoft Visual Studio Solution File, Format Version 12.00
# Visual Studio Version 17
VisualStudioVersion = 17.4.33103.184
MinimumVisualStudioVersion = 10.0.40219.1
Project("{9A19103F-16F7-4668-BE54-9A1E7A4F7556}") = "Dynq", "Dynq\Dynq.csproj", "{00080919-2B28-45F2-A400-AD34135AC44F}"
EndProject
Project("{9A19103F-16F7-4668-BE54-9A1E7A4F7556}") = "Dynq.AspNetCore", "Dynq.AspNetCore\Dynq.AspNetCore.csproj", "{313B90FD-F1EA-4B8F-988F-726ED9BBC01E}"
EndProject
Global
	GlobalSection(SolutionConfigurationPlatforms) = preSolution
		Debug|Any CPU = Debug|Any CPU
		Release|Any CPU = Release|Any CPU
	EndGlobalSection
	GlobalSection(ProjectConfigurationPlatforms) = postSolution
		{00080919-2B28-45F2-A400-AD34135AC44F}.Debug|Any CPU.ActiveCfg = Debug|Any CPU
		{00080919-2B28-45F2-A400-AD34135AC44F}.Debug|Any CPU.Build.0 = Debug|Any CPU
		{00080919-2B28-45F2-A400-AD34135AC44F}.Release|Any CPU.ActiveCfg = Release|Any CPU
		{00080919-2B28-45F2-A400-AD34135AC44F}.Release|Any CPU.Build.0 = Release|Any CPU
		{313B90FD-F1EA-4B8F-988F-726ED9BBC01E}.Debug|Any CPU.ActiveCfg = Debug|Any CPU
		{313B90FD-F1EA-4B8F-988F-726ED9BBC01E}.Debug|Any CPU.Build.0 = Debug|Any CPU
		{313B90FD-F1EA-4B8F-988F-726ED9BBC01E}.Release|Any CPU.ActiveCfg = Release|Any CPU
		{313B90FD-F1EA-4B8F-988F-726ED9BBC01E}.Release|Any CPU.Build.0 = Release|Any CPU
	EndGlobalSection
	GlobalSection(SolutionProperties) = preSolution
		HideSolutionNode = FALSE
	EndGlobalSection
	GlobalSection(ExtensibilityGlobals) = postSolution
		SolutionGuid = {B2B49F06-A881-497F-A054-CA4F511FC53B}
	EndGlobalSection
EndGlobal
